
Microsoft Visual Studio Solution File, Format Version 12.00
# Visual Studio Version 16
VisualStudioVersion = 16.0.30804.86
MinimumVisualStudioVersion = 10.0.40219.1
Project("{FAE04EC0-301F-11D3-BF4B-00C04F79EFBC}") = "Excepciones.Negocio", "Excepciones.Negocio\Excepciones.Negocio.csproj", "{D82DD177-7DF2-4FBD-A32F-4529F079E4F0}"
EndProject
Project("{FAE04EC0-301F-11D3-BF4B-00C04F79EFBC}") = "Excepciones.Cli", "Excepciones.Cli\Excepciones.Cli.csproj", "{5952F18F-56BE-4BA4-B889-D879C178B2A3}"
EndProject
Project("{FAE04EC0-301F-11D3-BF4B-00C04F79EFBC}") = "Excepciones.Test", "Excepciones.Test\Excepciones.Test.csproj", "{EEF849FD-C38B-4A2C-A652-53D394581AAF}"
EndProject
Global
	GlobalSection(SolutionConfigurationPlatforms) = preSolution
		Debug|Any CPU = Debug|Any CPU
		Release|Any CPU = Release|Any CPU
	EndGlobalSection
	GlobalSection(ProjectConfigurationPlatforms) = postSolution
		{D82DD177-7DF2-4FBD-A32F-4529F079E4F0}.Debug|Any CPU.ActiveCfg = Debug|Any CPU
		{D82DD177-7DF2-4FBD-A32F-4529F079E4F0}.Debug|Any CPU.Build.0 = Debug|Any CPU
		{D82DD177-7DF2-4FBD-A32F-4529F079E4F0}.Release|Any CPU.ActiveCfg = Release|Any CPU
		{D82DD177-7DF2-4FBD-A32F-4529F079E4F0}.Release|Any CPU.Build.0 = Release|Any CPU
		{5952F18F-56BE-4BA4-B889-D879C178B2A3}.Debug|Any CPU.ActiveCfg = Debug|Any CPU
		{5952F18F-56BE-4BA4-B889-D879C178B2A3}.Debug|Any CPU.Build.0 = Debug|Any CPU
		{5952F18F-56BE-4BA4-B889-D879C178B2A3}.Release|Any CPU.ActiveCfg = Release|Any CPU
		{5952F18F-56BE-4BA4-B889-D879C178B2A3}.Release|Any CPU.Build.0 = Release|Any CPU
		{EEF849FD-C38B-4A2C-A652-53D394581AAF}.Debug|Any CPU.ActiveCfg = Debug|Any CPU
		{EEF849FD-C38B-4A2C-A652-53D394581AAF}.Debug|Any CPU.Build.0 = Debug|Any CPU
		{EEF849FD-C38B-4A2C-A652-53D394581AAF}.Release|Any CPU.ActiveCfg = Release|Any CPU
		{EEF849FD-C38B-4A2C-A652-53D394581AAF}.Release|Any CPU.Build.0 = Release|Any CPU
	EndGlobalSection
	GlobalSection(SolutionProperties) = preSolution
		HideSolutionNode = FALSE
	EndGlobalSection
	GlobalSection(ExtensibilityGlobals) = postSolution
		SolutionGuid = {9B0F5155-B1AB-4C16-955A-8281A0E45396}
	EndGlobalSection
EndGlobal
